// !$*UTF8*$!
{
	archiveVersion = 1;
	classes = {
	};
	objectVersion = 77;
	objects = {

/* Begin PBXContainerItemProxy section */
		B2650FA32EBAC1C40062E5E1 /* PBXContainerItemProxy */ = {
			isa = PBXContainerItemProxy;
			containerPortal = B2650F8B2EBAC1BD0062E5E1 /* Project object */;
			proxyType = 1;
			remoteGlobalIDString = B2650F922EBAC1BE0062E5E1;
			remoteInfo = Spiral;
		};
		B2650FAD2EBAC1C40062E5E1 /* PBXContainerItemProxy */ = {
			isa = PBXContainerItemProxy;
			containerPortal = B2650F8B2EBAC1BD0062E5E1 /* Project object */;
			proxyType = 1;
			remoteGlobalIDString = B2650F922EBAC1BE0062E5E1;
			remoteInfo = Spiral;
		};
/* End PBXContainerItemProxy section */

/* Begin PBXFileReference section */
		B2650F932EBAC1BE0062E5E1 /* Spiral.app */ = {isa = PBXFileReference; explicitFileType = wrapper.application; includeInIndex = 0; path = Spiral.app; sourceTree = BUILT_PRODUCTS_DIR; };
		B2650FA22EBAC1C40062E5E1 /* SpiralTests.xctest */ = {isa = PBXFileReference; explicitFileType = wrapper.cfbundle; includeInIndex = 0; path = SpiralTests.xctest; sourceTree = BUILT_PRODUCTS_DIR; };
		B2650FAC2EBAC1C40062E5E1 /* SpiralUITests.xctest */ = {isa = PBXFileReference; explicitFileType = wrapper.cfbundle; includeInIndex = 0; path = SpiralUITests.xctest; sourceTree = BUILT_PRODUCTS_DIR; };
/* End PBXFileReference section */

/* Begin PBXFileSystemSynchronizedBuildFileExceptionSet section */
		B2650FC02EBAC20F0062E5E1 /* Exceptions for "Spiral" folder in "Spiral" target */ = {
			isa = PBXFileSystemSynchronizedBuildFileExceptionSet;
			membershipExceptions = (
				Info.plist,
			);
			target = B2650F922EBAC1BE0062E5E1 /* Spiral */;
		};
/* End PBXFileSystemSynchronizedBuildFileExceptionSet section */

/* Begin PBXFileSystemSynchronizedRootGroup section */
		B2650F952EBAC1BE0062E5E1 /* Spiral */ = {
			isa = PBXFileSystemSynchronizedRootGroup;
			exceptions = (
				B2650FC02EBAC20F0062E5E1 /* Exceptions for "Spiral" folder in "Spiral" target */,
			);
			path = Spiral;
			sourceTree = "<group>";
		};
		B2650FA52EBAC1C40062E5E1 /* SpiralTests */ = {
			isa = PBXFileSystemSynchronizedRootGroup;
			path = SpiralTests;
			sourceTree = "<group>";
		};
		B2650FAF2EBAC1C40062E5E1 /* SpiralUITests */ = {
			isa = PBXFileSystemSynchronizedRootGroup;
			path = SpiralUITests;
			sourceTree = "<group>";
		};
/* End PBXFileSystemSynchronizedRootGroup section */

/* Begin PBXFrameworksBuildPhase section */
		B2650F902EBAC1BE0062E5E1 /* Frameworks */ = {
			isa = PBXFrameworksBuildPhase;
			buildActionMask = 2147483647;
			files = (
			);
			runOnlyForDeploymentPostprocessing = 0;
		};
		B2650F9F2EBAC1C40062E5E1 /* Frameworks */ = {
			isa = PBXFrameworksBuildPhase;
			buildActionMask = 2147483647;
			files = (
			);
			runOnlyForDeploymentPostprocessing = 0;
		};
		B2650FA92EBAC1C40062E5E1 /* Frameworks */ = {
			isa = PBXFrameworksBuildPhase;
			buildActionMask = 2147483647;
			files = (
			);
			runOnlyForDeploymentPostprocessing = 0;
		};
/* End PBXFrameworksBuildPhase section */

/* Begin PBXGroup section */
		B2650F8A2EBAC1BD0062E5E1 = {
			isa = PBXGroup;
			children = (
				B2650F952EBAC1BE0062E5E1 /* Spiral */,
				B2650FA52EBAC1C40062E5E1 /* SpiralTests */,
				B2650FAF2EBAC1C40062E5E1 /* SpiralUITests */,
				B2650F942EBAC1BE0062E5E1 /* Products */,
			);
			sourceTree = "<group>";
		};
		B2650F942EBAC1BE0062E5E1 /* Products */ = {
			isa = PBXGroup;
			children = (
				B2650F932EBAC1BE0062E5E1 /* Spiral.app */,
				B2650FA22EBAC1C40062E5E1 /* SpiralTests.xctest */,
				B2650FAC2EBAC1C40062E5E1 /* SpiralUITests.xctest */,
			);
			name = Products;
			sourceTree = "<group>";
		};
/* End PBXGroup section */

/* Begin PBXNativeTarget section */
		B2650F922EBAC1BE0062E5E1 /* Spiral */ = {
			isa = PBXNativeTarget;
			buildConfigurationList = B2650FB62EBAC1C40062E5E1 /* Build configuration list for PBXNativeTarget "Spiral" */;
			buildPhases = (
				B2650F8F2EBAC1BE0062E5E1 /* Sources */,
				B2650F902EBAC1BE0062E5E1 /* Frameworks */,
				B2650F912EBAC1BE0062E5E1 /* Resources */,
			);
			buildRules = (
			);
			dependencies = (
			);
			fileSystemSynchronizedGroups = (
				B2650F952EBAC1BE0062E5E1 /* Spiral */,
			);
			name = Spiral;
			packageProductDependencies = (
			);
			productName = Spiral;
			productReference = B2650F932EBAC1BE0062E5E1 /* Spiral.app */;
			productType = "com.apple.product-type.application";
		};
		B2650FA12EBAC1C40062E5E1 /* SpiralTests */ = {
			isa = PBXNativeTarget;
			buildConfigurationList = B2650FB92EBAC1C40062E5E1 /* Build configuration list for PBXNativeTarget "SpiralTests" */;
			buildPhases = (
				B2650F9E2EBAC1C40062E5E1 /* Sources */,
				B2650F9F2EBAC1C40062E5E1 /* Frameworks */,
				B2650FA02EBAC1C40062E5E1 /* Resources */,
			);
			buildRules = (
			);
			dependencies = (
				B2650FA42EBAC1C40062E5E1 /* PBXTargetDependency */,
			);
			fileSystemSynchronizedGroups = (
				B2650FA52EBAC1C40062E5E1 /* SpiralTests */,
			);
			name = SpiralTests;
			packageProductDependencies = (
			);
			productName = SpiralTests;
			productReference = B2650FA22EBAC1C40062E5E1 /* SpiralTests.xctest */;
			productType = "com.apple.product-type.bundle.unit-test";
		};
		B2650FAB2EBAC1C40062E5E1 /* SpiralUITests */ = {
			isa = PBXNativeTarget;
			buildConfigurationList = B2650FBC2EBAC1C40062E5E1 /* Build configuration list for PBXNativeTarget "SpiralUITests" */;
			buildPhases = (
				B2650FA82EBAC1C40062E5E1 /* Sources */,
				B2650FA92EBAC1C40062E5E1 /* Frameworks */,
				B2650FAA2EBAC1C40062E5E1 /* Resources */,
			);
			buildRules = (
			);
			dependencies = (
				B2650FAE2EBAC1C40062E5E1 /* PBXTargetDependency */,
			);
			fileSystemSynchronizedGroups = (
				B2650FAF2EBAC1C40062E5E1 /* SpiralUITests */,
			);
			name = SpiralUITests;
			packageProductDependencies = (
			);
			productName = SpiralUITests;
			productReference = B2650FAC2EBAC1C40062E5E1 /* SpiralUITests.xctest */;
			productType = "com.apple.product-type.bundle.ui-testing";
		};
/* End PBXNativeTarget section */

/* Begin PBXProject section */
		B2650F8B2EBAC1BD0062E5E1 /* Project object */ = {
			isa = PBXProject;
			attributes = {
				BuildIndependentTargetsInParallel = 1;
				LastSwiftUpdateCheck = 1640;
				LastUpgradeCheck = 1640;
				TargetAttributes = {
					B2650F922EBAC1BE0062E5E1 = {
						CreatedOnToolsVersion = 16.4;
					};
					B2650FA12EBAC1C40062E5E1 = {
						CreatedOnToolsVersion = 16.4;
						TestTargetID = B2650F922EBAC1BE0062E5E1;
					};
					B2650FAB2EBAC1C40062E5E1 = {
						CreatedOnToolsVersion = 16.4;
						TestTargetID = B2650F922EBAC1BE0062E5E1;
					};
				};
			};
			buildConfigurationList = B2650F8E2EBAC1BD0062E5E1 /* Build configuration list for PBXProject "Spiral" */;
			developmentRegion = en;
			hasScannedForEncodings = 0;
			knownRegions = (
				en,
				Base,
			);
			mainGroup = B2650F8A2EBAC1BD0062E5E1;
			minimizedProjectReferenceProxies = 1;
			preferredProjectObjectVersion = 77;
			productRefGroup = B2650F942EBAC1BE0062E5E1 /* Products */;
			projectDirPath = "";
			projectRoot = "";
			targets = (
				B2650F922EBAC1BE0062E5E1 /* Spiral */,
				B2650FA12EBAC1C40062E5E1 /* SpiralTests */,
				B2650FAB2EBAC1C40062E5E1 /* SpiralUITests */,
			);
		};
/* End PBXProject section */

/* Begin PBXResourcesBuildPhase section */
		B2650F912EBAC1BE0062E5E1 /* Resources */ = {
			isa = PBXResourcesBuildPhase;
			buildActionMask = 2147483647;
			files = (
			);
			runOnlyForDeploymentPostprocessing = 0;
		};
		B2650FA02EBAC1C40062E5E1 /* Resources */ = {
			isa = PBXResourcesBuildPhase;
			buildActionMask = 2147483647;
			files = (
			);
			runOnlyForDeploymentPostprocessing = 0;
		};
		B2650FAA2EBAC1C40062E5E1 /* Resources */ = {
			isa = PBXResourcesBuildPhase;
			buildActionMask = 2147483647;
			files = (
			);
			runOnlyForDeploymentPostprocessing = 0;
		};
/* End PBXResourcesBuildPhase section */

/* Begin PBXSourcesBuildPhase section */
		B2650F8F2EBAC1BE0062E5E1 /* Sources */ = {
			isa = PBXSourcesBuildPhase;
			buildActionMask = 2147483647;
			files = (
			);
			runOnlyForDeploymentPostprocessing = 0;
		};
		B2650F9E2EBAC1C40062E5E1 /* Sources */ = {
			isa = PBXSourcesBuildPhase;
			buildActionMask = 2147483647;
			files = (
			);
			runOnlyForDeploymentPostprocessing = 0;
		};
		B2650FA82EBAC1C40062E5E1 /* Sources */ = {
			isa = PBXSourcesBuildPhase;
			buildActionMask = 2147483647;
			files = (
			);
			runOnlyForDeploymentPostprocessing = 0;
		};
/* End PBXSourcesBuildPhase section */

/* Begin PBXTargetDependency section */
		B2650FA42EBAC1C40062E5E1 /* PBXTargetDependency */ = {
			isa = PBXTargetDependency;
			target = B2650F922EBAC1BE0062E5E1 /* Spiral */;
			targetProxy = B2650FA32EBAC1C40062E5E1 /* PBXContainerItemProxy */;
		};
		B2650FAE2EBAC1C40062E5E1 /* PBXTargetDependency */ = {
			isa = PBXTargetDependency;
			target = B2650F922EBAC1BE0062E5E1 /* Spiral */;
			targetProxy = B2650FAD2EBAC1C40062E5E1 /* PBXContainerItemProxy */;
		};
/* End PBXTargetDependency section */

/* Begin XCBuildConfiguration section */
		B2650FB42EBAC1C40062E5E1 /* Debug */ = {
			isa = XCBuildConfiguration;
			buildSettings = {
				ALWAYS_SEARCH_USER_PATHS = NO;
				ASSETCATALOG_COMPILER_GENERATE_SWIFT_ASSET_SYMBOL_EXTENSIONS = YES;
				CLANG_ANALYZER_NONNULL = YES;
				CLANG_ANALYZER_NUMBER_OBJECT_CONVERSION = YES_AGGRESSIVE;
				CLANG_CXX_LANGUAGE_STANDARD = "gnu++20";
				CLANG_ENABLE_MODULES = YES;
				CLANG_ENABLE_OBJC_ARC = YES;
				CLANG_ENABLE_OBJC_WEAK = YES;
				CLANG_WARN_BLOCK_CAPTURE_AUTORELEASING = YES;
				CLANG_WARN_BOOL_CONVERSION = YES;
				CLANG_WARN_COMMA = YES;
				CLANG_WARN_CONSTANT_CONVERSION = YES;
				CLANG_WARN_DEPRECATED_OBJC_IMPLEMENTATIONS = YES;
				CLANG_WARN_DIRECT_OBJC_ISA_USAGE = YES_ERROR;
				CLANG_WARN_DOCUMENTATION_COMMENTS = YES;
				CLANG_WARN_EMPTY_BODY = YES;
				CLANG_WARN_ENUM_CONVERSION = YES;
				CLANG_WARN_INFINITE_RECURSION = YES;
				CLANG_WARN_INT_CONVERSION = YES;
				CLANG_WARN_NON_LITERAL_NULL_CONVERSION = YES;
				CLANG_WARN_OBJC_IMPLICIT_RETAIN_SELF = YES;
				CLANG_WARN_OBJC_LITERAL_CONVERSION = YES;
				CLANG_WARN_OBJC_ROOT_CLASS = YES_ERROR;
				CLANG_WARN_QUOTED_INCLUDE_IN_FRAMEWORK_HEADER = YES;
				CLANG_WARN_RANGE_LOOP_ANALYSIS = YES;
				CLANG_WARN_STRICT_PROTOTYPES = YES;
				CLANG_WARN_SUSPICIOUS_MOVE = YES;
				CLANG_WARN_UNGUARDED_AVAILABILITY = YES_AGGRESSIVE;
				CLANG_WARN_UNREACHABLE_CODE = YES;
				CLANG_WARN__DUPLICATE_METHOD_MATCH = YES;
				COPY_PHASE_STRIP = NO;
				DEBUG_INFORMATION_FORMAT = dwarf;
				DEVELOPMENT_TEAM = NS237SS5KD;
				ENABLE_STRICT_OBJC_MSGSEND = YES;
				ENABLE_TESTABILITY = YES;
				ENABLE_USER_SCRIPT_SANDBOXING = YES;
				GCC_C_LANGUAGE_STANDARD = gnu17;
				GCC_DYNAMIC_NO_PIC = NO;
				GCC_NO_COMMON_BLOCKS = YES;
				GCC_OPTIMIZATION_LEVEL = 0;
				GCC_PREPROCESSOR_DEFINITIONS = (
					"DEBUG=1",
					"$(inherited)",
				);
				GCC_WARN_64_TO_32_BIT_CONVERSION = YES;
				GCC_WARN_ABOUT_RETURN_TYPE = YES_ERROR;
				GCC_WARN_UNDECLARED_SELECTOR = YES;
				GCC_WARN_UNINITIALIZED_AUTOS = YES_AGGRESSIVE;
				GCC_WARN_UNUSED_FUNCTION = YES;
				GCC_WARN_UNUSED_VARIABLE = YES;
				IPHONEOS_DEPLOYMENT_TARGET = 18.5;
				LOCALIZATION_PREFERS_STRING_CATALOGS = YES;
				MTL_ENABLE_DEBUG_INFO = INCLUDE_SOURCE;
				MTL_FAST_MATH = YES;
				ONLY_ACTIVE_ARCH = YES;
				SDKROOT = iphoneos;
				SWIFT_ACTIVE_COMPILATION_CONDITIONS = "DEBUG $(inherited)";
				SWIFT_OPTIMIZATION_LEVEL = "-Onone";
			};
			name = Debug;
		};
		B2650FB52EBAC1C40062E5E1 /* Release */ = {
			isa = XCBuildConfiguration;
			buildSettings = {
				ALWAYS_SEARCH_USER_PATHS = NO;
				ASSETCATALOG_COMPILER_GENERATE_SWIFT_ASSET_SYMBOL_EXTENSIONS = YES;
				CLANG_ANALYZER_NONNULL = YES;
				CLANG_ANALYZER_NUMBER_OBJECT_CONVERSION = YES_AGGRESSIVE;
				CLANG_CXX_LANGUAGE_STANDARD = "gnu++20";
				CLANG_ENABLE_MODULES = YES;
				CLANG_ENABLE_OBJC_ARC = YES;
				CLANG_ENABLE_OBJC_WEAK = YES;
				CLANG_WARN_BLOCK_CAPTURE_AUTORELEASING = YES;
				CLANG_WARN_BOOL_CONVERSION = YES;
				CLANG_WARN_COMMA = YES;
				CLANG_WARN_CONSTANT_CONVERSION = YES;
				CLANG_WARN_DEPRECATED_OBJC_IMPLEMENTATIONS = YES;
				CLANG_WARN_DIRECT_OBJC_ISA_USAGE = YES_ERROR;
				CLANG_WARN_DOCUMENTATION_COMMENTS = YES;
				CLANG_WARN_EMPTY_BODY = YES;
				CLANG_WARN_ENUM_CONVERSION = YES;
				CLANG_WARN_INFINITE_RECURSION = YES;
				CLANG_WARN_INT_CONVERSION = YES;
				CLANG_WARN_NON_LITERAL_NULL_CONVERSION = YES;
				CLANG_WARN_OBJC_IMPLICIT_RETAIN_SELF = YES;
				CLANG_WARN_OBJC_LITERAL_CONVERSION = YES;
				CLANG_WARN_OBJC_ROOT_CLASS = YES_ERROR;
				CLANG_WARN_QUOTED_INCLUDE_IN_FRAMEWORK_HEADER = YES;
				CLANG_WARN_RANGE_LOOP_ANALYSIS = YES;
				CLANG_WARN_STRICT_PROTOTYPES = YES;
				CLANG_WARN_SUSPICIOUS_MOVE = YES;
				CLANG_WARN_UNGUARDED_AVAILABILITY = YES_AGGRESSIVE;
				CLANG_WARN_UNREACHABLE_CODE = YES;
				CLANG_WARN__DUPLICATE_METHOD_MATCH = YES;
				COPY_PHASE_STRIP = NO;
				DEBUG_INFORMATION_FORMAT = "dwarf-with-dsym";
				DEVELOPMENT_TEAM = NS237SS5KD;
				ENABLE_NS_ASSERTIONS = NO;
				ENABLE_STRICT_OBJC_MSGSEND = YES;
				ENABLE_USER_SCRIPT_SANDBOXING = YES;
				GCC_C_LANGUAGE_STANDARD = gnu17;
				GCC_NO_COMMON_BLOCKS = YES;
				GCC_WARN_64_TO_32_BIT_CONVERSION = YES;
				GCC_WARN_ABOUT_RETURN_TYPE = YES_ERROR;
				GCC_WARN_UNDECLARED_SELECTOR = YES;
				GCC_WARN_UNINITIALIZED_AUTOS = YES_AGGRESSIVE;
				GCC_WARN_UNUSED_FUNCTION = YES;
				GCC_WARN_UNUSED_VARIABLE = YES;
				IPHONEOS_DEPLOYMENT_TARGET = 18.5;
				LOCALIZATION_PREFERS_STRING_CATALOGS = YES;
				MTL_ENABLE_DEBUG_INFO = NO;
				MTL_FAST_MATH = YES;
				SDKROOT = iphoneos;
				SWIFT_COMPILATION_MODE = wholemodule;
				VALIDATE_PRODUCT = YES;
			};
			name = Release;
		};
		B2650FB72EBAC1C40062E5E1 /* Debug */ = {
			isa = XCBuildConfiguration;
			buildSettings = {
				ASSETCATALOG_COMPILER_APPICON_NAME = AppIcon;
				ASSETCATALOG_COMPILER_GLOBAL_ACCENT_COLOR_NAME = AccentColor;
				CODE_SIGN_ENTITLEMENTS = Spiral/Spiral.entitlements;
				CODE_SIGN_STYLE = Automatic;
				CURRENT_PROJECT_VERSION = 1;
				DEVELOPMENT_TEAM = NS237SS5KD;
				ENABLE_PREVIEWS = YES;
				GENERATE_INFOPLIST_FILE = YES;
				INFOPLIST_FILE = Spiral/Info.plist;
				INFOPLIST_KEY_UIApplicationSceneManifest_Generation = YES;
				INFOPLIST_KEY_UIApplicationSupportsIndirectInputEvents = YES;
				INFOPLIST_KEY_UILaunchScreen_Generation = YES;
				INFOPLIST_KEY_UISupportedInterfaceOrientations_iPad = "UIInterfaceOrientationPortrait UIInterfaceOrientationPortraitUpsideDown UIInterfaceOrientationLandscapeLeft UIInterfaceOrientationLandscapeRight";
				INFOPLIST_KEY_UISupportedInterfaceOrientations_iPhone = "UIInterfaceOrientationPortrait UIInterfaceOrientationLandscapeLeft UIInterfaceOrientationLandscapeRight";
				LD_RUNPATH_SEARCH_PATHS = (
					"$(inherited)",
					"@executable_path/Frameworks",
				);
				MARKETING_VERSION = 1.0;
				PRODUCT_BUNDLE_IDENTIFIER = org.robertwiscount.Spiral;
				PRODUCT_NAME = "$(TARGET_NAME)";
				SWIFT_EMIT_LOC_STRINGS = YES;
				SWIFT_VERSION = 5.0;
				TARGETED_DEVICE_FAMILY = "1,2";
			};
			name = Debug;
		};
		B2650FB82EBAC1C40062E5E1 /* Release */ = {
			isa = XCBuildConfiguration;
			buildSettings = {
				ASSETCATALOG_COMPILER_APPICON_NAME = AppIcon;
				ASSETCATALOG_COMPILER_GLOBAL_ACCENT_COLOR_NAME = AccentColor;
				CODE_SIGN_ENTITLEMENTS = Spiral/Spiral.entitlements;
				CODE_SIGN_STYLE = Automatic;
				CURRENT_PROJECT_VERSION = 1;
				DEVELOPMENT_TEAM = NS237SS5KD;
				ENABLE_PREVIEWS = YES;
				GENERATE_INFOPLIST_FILE = YES;
				INFOPLIST_FILE = Spiral/Info.plist;
				INFOPLIST_KEY_UIApplicationSceneManifest_Generation = YES;
				INFOPLIST_KEY_UIApplicationSupportsIndirectInputEvents = YES;
				INFOPLIST_KEY_UILaunchScreen_Generation = YES;
				INFOPLIST_KEY_UISupportedInterfaceOrientations_iPad = "UIInterfaceOrientationPortrait UIInterfaceOrientationPortraitUpsideDown UIInterfaceOrientationLandscapeLeft UIInterfaceOrientationLandscapeRight";
				INFOPLIST_KEY_UISupportedInterfaceOrientations_iPhone = "UIInterfaceOrientationPortrait UIInterfaceOrientationLandscapeLeft UIInterfaceOrientationLandscapeRight";
				LD_RUNPATH_SEARCH_PATHS = (
					"$(inherited)",
					"@executable_path/Frameworks",
				);
				MARKETING_VERSION = 1.0;
				PRODUCT_BUNDLE_IDENTIFIER = org.robertwiscount.Spiral;
				PRODUCT_NAME = "$(TARGET_NAME)";
				SWIFT_EMIT_LOC_STRINGS = YES;
				SWIFT_VERSION = 5.0;
				TARGETED_DEVICE_FAMILY = "1,2";
			};
			name = Release;
		};
		B2650FBA2EBAC1C40062E5E1 /* Debug */ = {
			isa = XCBuildConfiguration;
			buildSettings = {
				BUNDLE_LOADER = "$(TEST_HOST)";
				CODE_SIGN_STYLE = Automatic;
				CURRENT_PROJECT_VERSION = 1;
				DEVELOPMENT_TEAM = NS237SS5KD;
				GENERATE_INFOPLIST_FILE = YES;
				IPHONEOS_DEPLOYMENT_TARGET = 18.5;
				MARKETING_VERSION = 1.0;
				PRODUCT_BUNDLE_IDENTIFIER = org.robertwiscount.SpiralTests;
				PRODUCT_NAME = "$(TARGET_NAME)";
				SWIFT_EMIT_LOC_STRINGS = NO;
				SWIFT_VERSION = 5.0;
				TARGETED_DEVICE_FAMILY = "1,2";
				TEST_HOST = "$(BUILT_PRODUCTS_DIR)/Spiral.app/$(BUNDLE_EXECUTABLE_FOLDER_PATH)/Spiral";
			};
			name = Debug;
		};
		B2650FBB2EBAC1C40062E5E1 /* Release */ = {
			isa = XCBuildConfiguration;
			buildSettings = {
				BUNDLE_LOADER = "$(TEST_HOST)";
				CODE_SIGN_STYLE = Automatic;
				CURRENT_PROJECT_VERSION = 1;
				DEVELOPMENT_TEAM = NS237SS5KD;
				GENERATE_INFOPLIST_FILE = YES;
				IPHONEOS_DEPLOYMENT_TARGET = 18.5;
				MARKETING_VERSION = 1.0;
				PRODUCT_BUNDLE_IDENTIFIER = org.robertwiscount.SpiralTests;
				PRODUCT_NAME = "$(TARGET_NAME)";
				SWIFT_EMIT_LOC_STRINGS = NO;
				SWIFT_VERSION = 5.0;
				TARGETED_DEVICE_FAMILY = "1,2";
				TEST_HOST = "$(BUILT_PRODUCTS_DIR)/Spiral.app/$(BUNDLE_EXECUTABLE_FOLDER_PATH)/Spiral";
			};
			name = Release;
		};
		B2650FBD2EBAC1C40062E5E1 /* Debug */ = {
			isa = XCBuildConfiguration;
			buildSettings = {
				CODE_SIGN_STYLE = Automatic;
				CURRENT_PROJECT_VERSION = 1;
				DEVELOPMENT_TEAM = NS237SS5KD;
				GENERATE_INFOPLIST_FILE = YES;
				MARKETING_VERSION = 1.0;
				PRODUCT_BUNDLE_IDENTIFIER = org.robertwiscount.SpiralUITests;
				PRODUCT_NAME = "$(TARGET_NAME)";
				SWIFT_EMIT_LOC_STRINGS = NO;
				SWIFT_VERSION = 5.0;
				TARGETED_DEVICE_FAMILY = "1,2";
				TEST_TARGET_NAME = Spiral;
			};
			name = Debug;
		};
		B2650FBE2EBAC1C40062E5E1 /* Release */ = {
			isa = XCBuildConfiguration;
			buildSettings = {
				CODE_SIGN_STYLE = Automatic;
				CURRENT_PROJECT_VERSION = 1;
				DEVELOPMENT_TEAM = NS237SS5KD;
				GENERATE_INFOPLIST_FILE = YES;
				MARKETING_VERSION = 1.0;
				PRODUCT_BUNDLE_IDENTIFIER = org.robertwiscount.SpiralUITests;
				PRODUCT_NAME = "$(TARGET_NAME)";
				SWIFT_EMIT_LOC_STRINGS = NO;
				SWIFT_VERSION = 5.0;
				TARGETED_DEVICE_FAMILY = "1,2";
				TEST_TARGET_NAME = Spiral;
			};
			name = Release;
		};
/* End XCBuildConfiguration section */

/* Begin XCConfigurationList section */
		B2650F8E2EBAC1BD0062E5E1 /* Build configuration list for PBXProject "Spiral" */ = {
			isa = XCConfigurationList;
			buildConfigurations = (
				B2650FB42EBAC1C40062E5E1 /* Debug */,
				B2650FB52EBAC1C40062E5E1 /* Release */,
			);
			defaultConfigurationIsVisible = 0;
			defaultConfigurationName = Release;
		};
		B2650FB62EBAC1C40062E5E1 /* Build configuration list for PBXNativeTarget "Spiral" */ = {
			isa = XCConfigurationList;
			buildConfigurations = (
				B2650FB72EBAC1C40062E5E1 /* Debug */,
				B2650FB82EBAC1C40062E5E1 /* Release */,
			);
			defaultConfigurationIsVisible = 0;
			defaultConfigurationName = Release;
		};
		B2650FB92EBAC1C40062E5E1 /* Build configuration list for PBXNativeTarget "SpiralTests" */ = {
			isa = XCConfigurationList;
			buildConfigurations = (
				B2650FBA2EBAC1C40062E5E1 /* Debug */,
				B2650FBB2EBAC1C40062E5E1 /* Release */,
			);
			defaultConfigurationIsVisible = 0;
			defaultConfigurationName = Release;
		};
		B2650FBC2EBAC1C40062E5E1 /* Build configuration list for PBXNativeTarget "SpiralUITests" */ = {
			isa = XCConfigurationList;
			buildConfigurations = (
				B2650FBD2EBAC1C40062E5E1 /* Debug */,
				B2650FBE2EBAC1C40062E5E1 /* Release */,
			);
			defaultConfigurationIsVisible = 0;
			defaultConfigurationName = Release;
		};
/* End XCConfigurationList section */
	};
	rootObject = B2650F8B2EBAC1BD0062E5E1 /* Project object */;
}
